{
  "projects": [
    {
      "projectId": "r3ASNrnyvLLLAtDvzUioQ",
      "version": "4.8.0",
      "dependencies": {},
      "lang": "ts",
      "fileLocks": [
        {
          "assetId": "r3ASNrnyvLLLAtDvzUioQ",
          "type": "projectCss",
          "checksum": "1c02168c6b23256606111fdfdbb63549"
        }
      ],
      "codegenVersion": "0.0.1"
    },
    {
      "projectId": "caTPwKxj5ZrD9LQ7DMdK4Z",
      "version": "3.40.0",
      "dependencies": {},
      "lang": "ts",
      "fileLocks": [
        {
          "assetId": "caTPwKxj5ZrD9LQ7DMdK4Z",
          "type": "projectCss",
          "checksum": "1c02168c6b23256606111fdfdbb63549"
        }
      ],
      "codegenVersion": "0.0.1"
    },
    {
      "projectId": "YUiM7yqBWAqsh8KSnrdj7",
      "version": "0.33.0",
      "dependencies": {},
      "lang": "ts",
      "fileLocks": [
        {
          "assetId": "YUiM7yqBWAqsh8KSnrdj7",
          "type": "projectCss",
          "checksum": "21b499a9da4edbc2266c72c2ba127787"
        }
      ],
      "codegenVersion": "0.0.1"
    },
    {
      "projectId": "p1fHvJbiLdgzRrAS359KQb",
      "version": "10.8.5",
      "dependencies": {
        "caTPwKxj5ZrD9LQ7DMdK4Z": "3.40.0",
        "r3ASNrnyvLLLAtDvzUioQ": "4.8.0"
      },
      "lang": "ts",
      "fileLocks": [
        {
          "type": "globalVariant",
          "assetId": "J8mi7ZG-qDQt",
          "checksum": "be1c97e8d6e2c683fe199db25f3df702"
        },
        {
          "assetId": "p1fHvJbiLdgzRrAS359KQb",
          "type": "projectCss",
          "checksum": "b7139f44fa4672ad25c9a7a531ce09b3"
        },
        {
          "type": "renderModule",
          "assetId": "8Pe_x-tsspwf",
          "checksum": "e5a22039f0a63cd47a8260816f8adf8b"
        },
        {
          "type": "cssRules",
          "assetId": "8Pe_x-tsspwf",
          "checksum": "e5a22039f0a63cd47a8260816f8adf8b"
        },
        {
          "type": "renderModule",
          "assetId": "1xSpHr0lC9O3",
          "checksum": "2f43027705f28cb98e929557c15d6f3a"
        },
        {
          "type": "cssRules",
          "assetId": "1xSpHr0lC9O3",
          "checksum": "2f43027705f28cb98e929557c15d6f3a"
        },
        {
          "type": "renderModule",
          "assetId": "W8g1z9kFPMYL",
          "checksum": "6bedcbf5b24d228b8b3df35929190cc1"
        },
        {
          "type": "cssRules",
          "assetId": "W8g1z9kFPMYL",
          "checksum": "6bedcbf5b24d228b8b3df35929190cc1"
        },
        {
          "type": "renderModule",
          "assetId": "99pKO0LKqxZl",
          "checksum": "d46a28a4e319f44f3f48b62298812be9"
        },
        {
          "type": "cssRules",
          "assetId": "99pKO0LKqxZl",
          "checksum": "d46a28a4e319f44f3f48b62298812be9"
        },
        {
          "type": "renderModule",
          "assetId": "ZyeNfPf0ahk3",
          "checksum": "939cad0c31578eb31d029bf64b005c49"
        },
        {
          "type": "cssRules",
          "assetId": "ZyeNfPf0ahk3",
          "checksum": "939cad0c31578eb31d029bf64b005c49"
        },
        {
          "type": "renderModule",
          "assetId": "T8QryWKJz10k",
          "checksum": "9180c18ae10bd95c7fcf34654b6d6e71"
        },
        {
          "type": "cssRules",
          "assetId": "T8QryWKJz10k",
          "checksum": "9180c18ae10bd95c7fcf34654b6d6e71"
        },
        {
          "type": "renderModule",
          "assetId": "68vzBgIlCkRh",
          "checksum": "c7948797ae967996c16d6dff3328978f"
        },
        {
          "type": "cssRules",
          "assetId": "68vzBgIlCkRh",
          "checksum": "c7948797ae967996c16d6dff3328978f"
        },
        {
          "type": "renderModule",
          "assetId": "Bp6sJsd6cahw",
          "checksum": "162d085b961674a97d3cee0d018c456d"
        },
        {
          "type": "cssRules",
          "assetId": "Bp6sJsd6cahw",
          "checksum": "162d085b961674a97d3cee0d018c456d"
        },
        {
          "type": "renderModule",
          "assetId": "pcsAUbwKNKaq",
          "checksum": "5611a08c49075169be334e2a3f04b14a"
        },
        {
          "type": "cssRules",
          "assetId": "pcsAUbwKNKaq",
          "checksum": "5611a08c49075169be334e2a3f04b14a"
        },
        {
          "type": "renderModule",
          "assetId": "bLLuP-g3TByg",
          "checksum": "c7d1063101a1df2e12f1ba3a22ea8380"
        },
        {
          "type": "cssRules",
          "assetId": "bLLuP-g3TByg",
          "checksum": "c7d1063101a1df2e12f1ba3a22ea8380"
        },
        {
          "type": "renderModule",
          "assetId": "8ZE8W4PT1ugo",
          "checksum": "7347be794ad59dfd09a4914410725917"
        },
        {
          "type": "cssRules",
          "assetId": "8ZE8W4PT1ugo",
          "checksum": "7347be794ad59dfd09a4914410725917"
        },
        {
          "type": "renderModule",
          "assetId": "R9Ke9i1r-gBN",
          "checksum": "da986a130149d9cd348f0b53972465c3"
        },
        {
          "type": "cssRules",
          "assetId": "R9Ke9i1r-gBN",
          "checksum": "da986a130149d9cd348f0b53972465c3"
        },
        {
          "type": "renderModule",
          "assetId": "0tcJCKmJcWsw",
          "checksum": "9b3d21c92d86ea7c740a0c86a164bfb5"
        },
        {
          "type": "cssRules",
          "assetId": "0tcJCKmJcWsw",
          "checksum": "9b3d21c92d86ea7c740a0c86a164bfb5"
        },
        {
          "type": "renderModule",
          "assetId": "gUzsfh9iKf6l",
          "checksum": "35dcac83fc90128cd2ae54ee0fb2a273"
        },
        {
          "type": "cssRules",
          "assetId": "gUzsfh9iKf6l",
          "checksum": "35dcac83fc90128cd2ae54ee0fb2a273"
        },
        {
          "type": "icon",
          "assetId": "-OQVJrKbrN0g",
          "checksum": "e19ec666a46b976a522727353c8c7411"
        },
        {
          "type": "icon",
          "assetId": "0jAhGIZlH8KU",
          "checksum": "f13a4acdf426e38cf6430d4b577e05af"
        },
        {
          "type": "icon",
          "assetId": "DaWV1PCR2Buu",
          "checksum": "6e96d44c82fd3cefc8ef9471021487a1"
        },
        {
          "type": "icon",
          "assetId": "R4-OmyckuvVt",
          "checksum": "96f90a3ddba4b4f7ad3f0b98d0a1953a"
        },
        {
          "type": "icon",
          "assetId": "VRDpB24VTko4",
          "checksum": "2c1549cf8b8ea064fe4e78ef47aa65df"
        },
        {
          "type": "icon",
          "assetId": "cTfdGGl2vFYW",
          "checksum": "c6fe8078fbfee38a3bc76040a342810c"
        },
        {
          "type": "icon",
          "assetId": "COmtY7Ws3n1h",
          "checksum": "8c04735cf8db34fadb17bc887cb1d816"
        },
        {
          "type": "icon",
          "assetId": "TKXryWGmI8mL",
          "checksum": "7bc55203dc7a460e33cb30b079415c4a"
        },
        {
          "type": "icon",
          "assetId": "5GjgS6x-Em5R",
          "checksum": "8754948e2d819e743bf3036e9aef22c4"
        },
        {
          "type": "icon",
          "assetId": "Ldzq7nig1X5H",
          "checksum": "0800e39a562e718a6a61364924559fdc"
        },
        {
          "type": "icon",
          "assetId": "oaMMB3frH_RL",
          "checksum": "a5838bd30a2c92e38541ed963b6431e2"
        },
        {
          "type": "icon",
          "assetId": "t9sC6TC3j5wg",
          "checksum": "4a38c439f3918ca686f30756850a7259"
        },
        {
          "type": "icon",
          "assetId": "GocyRsX1q6El",
          "checksum": "bef0002f2e233cfc5cef694db2d9a0ae"
        },
        {
          "type": "icon",
          "assetId": "Aos-gABIn8iM",
          "checksum": "060aa120e0fe8096c598ab570212df3a"
        },
        {
          "type": "icon",
          "assetId": "FAmpRlQgGnEr",
          "checksum": "a8d1390d74afeef4754eaad6f0d68758"
        },
        {
          "type": "icon",
          "assetId": "dAsCDgVdv1gk",
          "checksum": "13a7bc33da5d8ef7732ee4c499ed6558"
        },
        {
          "type": "icon",
          "assetId": "O3vPGdReatDx",
          "checksum": "bb0ba4bde5ad6f771a864517579a2493"
        },
        {
          "type": "icon",
          "assetId": "gdit3-ualAYz",
          "checksum": "f91823baae526736d6fd4da3ec63b377"
        },
        {
          "type": "icon",
          "assetId": "Frkjy_DO1DOF",
          "checksum": "cf214baf044cb6f05efac722856616f0"
        },
        {
          "type": "icon",
          "assetId": "ALvNmJ9-dvXf",
          "checksum": "7e2c1ec171e5b6012cd0237f948343b6"
        },
        {
          "type": "icon",
          "assetId": "soMeJs7g82yp",
          "checksum": "51b4725502fc692f45785b96f45aa701"
        },
        {
          "type": "icon",
          "assetId": "WzptSHFTLujb",
          "checksum": "fa5af37a57e0b4471df206b57bab1768"
        },
        {
          "type": "icon",
          "assetId": "5t-tCjtEEjMj",
          "checksum": "733fad6541713450867a2122ebcdf4ba"
        },
        {
          "type": "icon",
          "assetId": "YWfRW32G58V0",
          "checksum": "5b24f2ba3b3fae14685fd7ef515f89fc"
        },
        {
          "type": "image",
          "assetId": "HTiEmlIuynGr",
          "checksum": "2a7c3f0d31b25f0fc6baed9753e58d97"
        },
        {
          "type": "image",
          "assetId": "kKnVTm2hVoR1",
          "checksum": "fce6978193844ab2fc31b1174b8efd54"
        }
      ],
      "codegenVersion": "0.0.1"
    },
    {
      "projectId": "k5hHCtYSicJ5vZr4xW3KEs",
      "version": "latest",
      "dependencies": {
        "p1fHvJbiLdgzRrAS359KQb": "10.8.5",
        "caTPwKxj5ZrD9LQ7DMdK4Z": "3.40.0",
        "r3ASNrnyvLLLAtDvzUioQ": "4.8.0",
        "YUiM7yqBWAqsh8KSnrdj7": "0.33.0"
      },
      "lang": "ts",
      "fileLocks": [
        {
          "type": "globalVariant",
          "assetId": "DEqcvZYT8ilQ",
          "checksum": "407fd16c0b998f6dea64048224b53a79"
        },
        {
          "type": "renderModule",
          "assetId": "sLS7Ke6D4BL1",
          "checksum": "244e534429f6e6954dc602a38c3286db"
        },
        {
          "type": "cssRules",
          "assetId": "sLS7Ke6D4BL1",
          "checksum": "244e534429f6e6954dc602a38c3286db"
        },
        {
          "type": "renderModule",
          "assetId": "R1PuKt9edSLG",
          "checksum": "98fe14c41136ce0ae9c13502e399b6cb"
        },
        {
          "type": "cssRules",
          "assetId": "R1PuKt9edSLG",
          "checksum": "98fe14c41136ce0ae9c13502e399b6cb"
        },
        {
          "type": "renderModule",
          "assetId": "gJOtOzOA3jrk",
          "checksum": "2231e760b614b2422f4d93e2131fbd82"
        },
        {
          "type": "cssRules",
          "assetId": "gJOtOzOA3jrk",
          "checksum": "2231e760b614b2422f4d93e2131fbd82"
        },
        {
          "type": "image",
          "assetId": "f2C-hsuI7E4J",
          "checksum": "ac471b84ea5a9a4ccc209a1089663aaf"
        },
        {
          "type": "renderModule",
          "assetId": "38fPhjJykGrK",
          "checksum": "dac1dc5db4bb0c2ab983fd384f509571"
        },
        {
          "type": "cssRules",
          "assetId": "38fPhjJykGrK",
          "checksum": "dac1dc5db4bb0c2ab983fd384f509571"
        },
        {
          "assetId": "k5hHCtYSicJ5vZr4xW3KEs",
          "type": "projectCss",
          "checksum": "ea8c443edae66fa2b521a981db7ec927"
        },
        {
          "type": "renderModule",
          "assetId": "HNG-1UOHYsKi",
          "checksum": "4013187c1810d9a293d68aba559b2d0b"
        },
        {
          "type": "cssRules",
          "assetId": "HNG-1UOHYsKi",
          "checksum": "4013187c1810d9a293d68aba559b2d0b"
        }
      ],
      "codegenVersion": "0.0.1"
    }
  ],
  "cliVersion": "0.1.337"
}
